// !$*UTF8*$!
{
	archiveVersion = 1;
	classes = {
	};
	objectVersion = 56;
	objects = {

/* Begin PBXBuildFile section */
		4D4B62432A656FEC00DF2144 /* SwiftUIView.swift in Sources */ = {isa = PBXBuildFile; fileRef = 4D4B62422A656FEC00DF2144 /* SwiftUIView.swift */; };
		AC1CF9252A6112DC001BC185 /* SendHeartView.swift in Sources */ = {isa = PBXBuildFile; fileRef = AC1CF9242A6112DC001BC185 /* SendHeartView.swift */; };
		AC1CF9282A611334001BC185 /* User.swift in Sources */ = {isa = PBXBuildFile; fileRef = AC1CF9272A611334001BC185 /* User.swift */; };
		AC1CF9302A612229001BC185 /* SendHeartViewModel.swift in Sources */ = {isa = PBXBuildFile; fileRef = AC1CF92F2A612229001BC185 /* SendHeartViewModel.swift */; };
		AC1CF9322A6123AB001BC185 /* ParticipationViewModel.swift in Sources */ = {isa = PBXBuildFile; fileRef = AC1CF9312A6123AB001BC185 /* ParticipationViewModel.swift */; };
		AC1CF9342A6125C7001BC185 /* ParticipationView.swift in Sources */ = {isa = PBXBuildFile; fileRef = AC1CF9332A6125C7001BC185 /* ParticipationView.swift */; };
		AC91E0712A60EE4F002052A9 /* AuthViewModel.swift in Sources */ = {isa = PBXBuildFile; fileRef = AC91E0702A60EE4F002052A9 /* AuthViewModel.swift */; };
		ACF8B64E2A601FED000EF850 /* MC3_ProjectApp.swift in Sources */ = {isa = PBXBuildFile; fileRef = ACF8B64D2A601FED000EF850 /* MC3_ProjectApp.swift */; };
		ACF8B6522A601FEE000EF850 /* Assets.xcassets in Resources */ = {isa = PBXBuildFile; fileRef = ACF8B6512A601FEE000EF850 /* Assets.xcassets */; };
		ACF8B65C2A6020A2000EF850 /* GoogleService-Info.plist in Resources */ = {isa = PBXBuildFile; fileRef = ACF8B65B2A6020A2000EF850 /* GoogleService-Info.plist */; };
		ACF8B65F2A60215F000EF850 /* FirebaseAuth in Frameworks */ = {isa = PBXBuildFile; productRef = ACF8B65E2A60215F000EF850 /* FirebaseAuth */; };
		ACF8B6612A60215F000EF850 /* FirebaseFirestore in Frameworks */ = {isa = PBXBuildFile; productRef = ACF8B6602A60215F000EF850 /* FirebaseFirestore */; };
		ACF8B6642A602181000EF850 /* FirebaseAnalytics in Frameworks */ = {isa = PBXBuildFile; productRef = ACF8B6632A602181000EF850 /* FirebaseAnalytics */; };
		ACF8B6662A60218A000EF850 /* FirebaseDatabase in Frameworks */ = {isa = PBXBuildFile; productRef = ACF8B6652A60218A000EF850 /* FirebaseDatabase */; };
		ACF8B6682A602226000EF850 /* AuthView.swift in Sources */ = {isa = PBXBuildFile; fileRef = ACF8B6672A602225000EF850 /* AuthView.swift */; };
/* End PBXBuildFile section */

/* Begin PBXFileReference section */
		4D4B623D2A6542CC00DF2144 /* Preview Assets.xcassets */ = {isa = PBXFileReference; lastKnownFileType = folder.assetcatalog; path = "Preview Assets.xcassets"; sourceTree = "<group>"; };
		4D4B62422A656FEC00DF2144 /* SwiftUIView.swift */ = {isa = PBXFileReference; lastKnownFileType = sourcecode.swift; path = SwiftUIView.swift; sourceTree = "<group>"; };
		AC1CF9242A6112DC001BC185 /* SendHeartView.swift */ = {isa = PBXFileReference; fileEncoding = 4; lastKnownFileType = sourcecode.swift; path = SendHeartView.swift; sourceTree = "<group>"; };
		AC1CF9272A611334001BC185 /* User.swift */ = {isa = PBXFileReference; fileEncoding = 4; lastKnownFileType = sourcecode.swift; path = User.swift; sourceTree = "<group>"; };
		AC1CF92F2A612229001BC185 /* SendHeartViewModel.swift */ = {isa = PBXFileReference; lastKnownFileType = sourcecode.swift; path = SendHeartViewModel.swift; sourceTree = "<group>"; };
		AC1CF9312A6123AB001BC185 /* ParticipationViewModel.swift */ = {isa = PBXFileReference; lastKnownFileType = sourcecode.swift; path = ParticipationViewModel.swift; sourceTree = "<group>"; };
		AC1CF9332A6125C7001BC185 /* ParticipationView.swift */ = {isa = PBXFileReference; lastKnownFileType = sourcecode.swift; path = ParticipationView.swift; sourceTree = "<group>"; };
		AC91E0702A60EE4F002052A9 /* AuthViewModel.swift */ = {isa = PBXFileReference; lastKnownFileType = sourcecode.swift; path = AuthViewModel.swift; sourceTree = "<group>"; };
		ACF8B64A2A601FED000EF850 /* MC3-Project.app */ = {isa = PBXFileReference; explicitFileType = wrapper.application; includeInIndex = 0; path = "MC3-Project.app"; sourceTree = BUILT_PRODUCTS_DIR; };
		ACF8B64D2A601FED000EF850 /* MC3_ProjectApp.swift */ = {isa = PBXFileReference; lastKnownFileType = sourcecode.swift; path = MC3_ProjectApp.swift; sourceTree = "<group>"; };
		ACF8B6512A601FEE000EF850 /* Assets.xcassets */ = {isa = PBXFileReference; lastKnownFileType = folder.assetcatalog; path = Assets.xcassets; sourceTree = "<group>"; };
		ACF8B65B2A6020A2000EF850 /* GoogleService-Info.plist */ = {isa = PBXFileReference; fileEncoding = 4; lastKnownFileType = text.plist.xml; path = "GoogleService-Info.plist"; sourceTree = "<group>"; };
		ACF8B6672A602225000EF850 /* AuthView.swift */ = {isa = PBXFileReference; fileEncoding = 4; lastKnownFileType = sourcecode.swift; path = AuthView.swift; sourceTree = "<group>"; };
/* End PBXFileReference section */

/* Begin PBXFrameworksBuildPhase section */
		ACF8B6472A601FED000EF850 /* Frameworks */ = {
			isa = PBXFrameworksBuildPhase;
			buildActionMask = 2147483647;
			files = (
				ACF8B65F2A60215F000EF850 /* FirebaseAuth in Frameworks */,
				ACF8B6612A60215F000EF850 /* FirebaseFirestore in Frameworks */,
				ACF8B6662A60218A000EF850 /* FirebaseDatabase in Frameworks */,
				ACF8B6642A602181000EF850 /* FirebaseAnalytics in Frameworks */,
			);
			runOnlyForDeploymentPostprocessing = 0;
		};
/* End PBXFrameworksBuildPhase section */

/* Begin PBXGroup section */
		4D4B62342A640B1800DF2144 /* Presentation */ = {
			isa = PBXGroup;
			children = (
				AC91E06E2A60EE2D002052A9 /* View */,
			);
			path = Presentation;
			sourceTree = "<group>";
		};
		4D4B62352A640B4B00DF2144 /* participationView */ = {
			isa = PBXGroup;
			children = (
				AC1CF9332A6125C7001BC185 /* ParticipationView.swift */,
				AC91E06F2A60EE3A002052A9 /* ViewModel */,
			);
			path = participationView;
			sourceTree = "<group>";
		};
		4D4B62362A640B6200DF2144 /* AuthView */ = {
			isa = PBXGroup;
			children = (
				ACF8B6672A602225000EF850 /* AuthView.swift */,
				4D4B62372A640B7200DF2144 /* ViewModel */,
			);
			path = AuthView;
			sourceTree = "<group>";
		};
		4D4B62372A640B7200DF2144 /* ViewModel */ = {
			isa = PBXGroup;
			children = (
				AC91E0702A60EE4F002052A9 /* AuthViewModel.swift */,
			);
			path = ViewModel;
			sourceTree = "<group>";
		};
		4D4B62392A640B9300DF2144 /* SendHeartView */ = {
			isa = PBXGroup;
			children = (
				AC1CF9242A6112DC001BC185 /* SendHeartView.swift */,
				4D4B623A2A640BAD00DF2144 /* ViewModel */,
			);
			path = SendHeartView;
			sourceTree = "<group>";
		};
		4D4B623A2A640BAD00DF2144 /* ViewModel */ = {
			isa = PBXGroup;
			children = (
				AC1CF92F2A612229001BC185 /* SendHeartViewModel.swift */,
			);
			path = ViewModel;
			sourceTree = "<group>";
		};
		AC1CF9262A611326001BC185 /* Model */ = {
			isa = PBXGroup;
			children = (
				AC1CF9272A611334001BC185 /* User.swift */,
				4D4B62342A640B1800DF2144 /* Presentation */,
			);
			path = Model;
			sourceTree = "<group>";
		};
		AC47A0EB2A6111B2000E8DA6 /* Resource */ = {
			isa = PBXGroup;
			children = (
				ACF8B6532A601FEE000EF850 /* Preview Content */,
				ACF8B6512A601FEE000EF850 /* Assets.xcassets */,
				ACF8B65B2A6020A2000EF850 /* GoogleService-Info.plist */,
			);
			path = Resource;
			sourceTree = "<group>";
		};
		AC47A0EC2A6111CA000E8DA6 /* Application */ = {
			isa = PBXGroup;
			children = (
				ACF8B64D2A601FED000EF850 /* MC3_ProjectApp.swift */,
			);
			path = Application;
			sourceTree = "<group>";
		};
		AC91E06E2A60EE2D002052A9 /* View */ = {
			isa = PBXGroup;
			children = (
				4D4B62352A640B4B00DF2144 /* participationView */,
				4D4B62362A640B6200DF2144 /* AuthView */,
				4D4B62392A640B9300DF2144 /* SendHeartView */,
				4D4B62422A656FEC00DF2144 /* SwiftUIView.swift */,
			);
			path = View;
			sourceTree = "<group>";
		};
		AC91E06F2A60EE3A002052A9 /* ViewModel */ = {
			isa = PBXGroup;
			children = (
				AC1CF9312A6123AB001BC185 /* ParticipationViewModel.swift */,
			);
			path = ViewModel;
			sourceTree = "<group>";
		};
		ACF8B6412A601FED000EF850 = {
			isa = PBXGroup;
			children = (
				ACF8B64C2A601FED000EF850 /* MC3-Project */,
				ACF8B64B2A601FED000EF850 /* Products */,
				ACF8B6622A602181000EF850 /* Frameworks */,
			);
			sourceTree = "<group>";
		};
		ACF8B64B2A601FED000EF850 /* Products */ = {
			isa = PBXGroup;
			children = (
				ACF8B64A2A601FED000EF850 /* MC3-Project.app */,
			);
			name = Products;
			sourceTree = "<group>";
		};
		ACF8B64C2A601FED000EF850 /* MC3-Project */ = {
			isa = PBXGroup;
			children = (
				AC47A0EC2A6111CA000E8DA6 /* Application */,
				AC1CF9262A611326001BC185 /* Model */,
				AC47A0EB2A6111B2000E8DA6 /* Resource */,
			);
			path = "MC3-Project";
			sourceTree = "<group>";
		};
		ACF8B6532A601FEE000EF850 /* Preview Content */ = {
			isa = PBXGroup;
			children = (
				4D4B623D2A6542CC00DF2144 /* Preview Assets.xcassets */,
			);
			name = "Preview Content";
			path = "../Preview Content";
			sourceTree = "<group>";
		};
		ACF8B6622A602181000EF850 /* Frameworks */ = {
			isa = PBXGroup;
			children = (
			);
			name = Frameworks;
			sourceTree = "<group>";
		};
/* End PBXGroup section */

/* Begin PBXNativeTarget section */
		ACF8B6492A601FED000EF850 /* MC3-Project */ = {
			isa = PBXNativeTarget;
			buildConfigurationList = ACF8B6582A601FEE000EF850 /* Build configuration list for PBXNativeTarget "MC3-Project" */;
			buildPhases = (
				ACF8B6462A601FED000EF850 /* Sources */,
				ACF8B6472A601FED000EF850 /* Frameworks */,
				ACF8B6482A601FED000EF850 /* Resources */,
			);
			buildRules = (
			);
			dependencies = (
			);
			name = "MC3-Project";
			packageProductDependencies = (
				ACF8B65E2A60215F000EF850 /* FirebaseAuth */,
				ACF8B6602A60215F000EF850 /* FirebaseFirestore */,
				ACF8B6632A602181000EF850 /* FirebaseAnalytics */,
				ACF8B6652A60218A000EF850 /* FirebaseDatabase */,
			);
			productName = "MC3-Project";
			productReference = ACF8B64A2A601FED000EF850 /* MC3-Project.app */;
			productType = "com.apple.product-type.application";
		};
/* End PBXNativeTarget section */

/* Begin PBXProject section */
		ACF8B6422A601FED000EF850 /* Project object */ = {
			isa = PBXProject;
			attributes = {
				BuildIndependentTargetsInParallel = 1;
				LastSwiftUpdateCheck = 1430;
				LastUpgradeCheck = 1430;
				TargetAttributes = {
					ACF8B6492A601FED000EF850 = {
						CreatedOnToolsVersion = 14.3.1;
					};
				};
			};
			buildConfigurationList = ACF8B6452A601FED000EF850 /* Build configuration list for PBXProject "MC3-Project" */;
			compatibilityVersion = "Xcode 14.0";
			developmentRegion = en;
			hasScannedForEncodings = 0;
			knownRegions = (
				en,
				Base,
			);
			mainGroup = ACF8B6412A601FED000EF850;
			packageReferences = (
				ACF8B65D2A60215F000EF850 /* XCRemoteSwiftPackageReference "firebase-ios-sdk" */,
			);
			productRefGroup = ACF8B64B2A601FED000EF850 /* Products */;
			projectDirPath = "";
			projectRoot = "";
			targets = (
				ACF8B6492A601FED000EF850 /* MC3-Project */,
			);
		};
/* End PBXProject section */

/* Begin PBXResourcesBuildPhase section */
		ACF8B6482A601FED000EF850 /* Resources */ = {
			isa = PBXResourcesBuildPhase;
			buildActionMask = 2147483647;
			files = (
				ACF8B65C2A6020A2000EF850 /* GoogleService-Info.plist in Resources */,
				ACF8B6522A601FEE000EF850 /* Assets.xcassets in Resources */,
			);
			runOnlyForDeploymentPostprocessing = 0;
		};
/* End PBXResourcesBuildPhase section */

/* Begin PBXSourcesBuildPhase section */
		ACF8B6462A601FED000EF850 /* Sources */ = {
			isa = PBXSourcesBuildPhase;
			buildActionMask = 2147483647;
			files = (
				AC1CF9342A6125C7001BC185 /* ParticipationView.swift in Sources */,
				ACF8B64E2A601FED000EF850 /* MC3_ProjectApp.swift in Sources */,
				4D4B62432A656FEC00DF2144 /* SwiftUIView.swift in Sources */,
				AC1CF9252A6112DC001BC185 /* SendHeartView.swift in Sources */,
				AC1CF9322A6123AB001BC185 /* ParticipationViewModel.swift in Sources */,
				AC1CF9302A612229001BC185 /* SendHeartViewModel.swift in Sources */,
				ACF8B6682A602226000EF850 /* AuthView.swift in Sources */,
				AC1CF9282A611334001BC185 /* User.swift in Sources */,
				AC91E0712A60EE4F002052A9 /* AuthViewModel.swift in Sources */,
			);
			runOnlyForDeploymentPostprocessing = 0;
		};
/* End PBXSourcesBuildPhase section */

/* Begin XCBuildConfiguration section */
		ACF8B6562A601FEE000EF850 /* Debug */ = {
			isa = XCBuildConfiguration;
			buildSettings = {
				ALWAYS_SEARCH_USER_PATHS = NO;
				CLANG_ANALYZER_NONNULL = YES;
				CLANG_ANALYZER_NUMBER_OBJECT_CONVERSION = YES_AGGRESSIVE;
				CLANG_CXX_LANGUAGE_STANDARD = "gnu++20";
				CLANG_ENABLE_MODULES = YES;
				CLANG_ENABLE_OBJC_ARC = YES;
				CLANG_ENABLE_OBJC_WEAK = YES;
				CLANG_WARN_BLOCK_CAPTURE_AUTORELEASING = YES;
				CLANG_WARN_BOOL_CONVERSION = YES;
				CLANG_WARN_COMMA = YES;
				CLANG_WARN_CONSTANT_CONVERSION = YES;
				CLANG_WARN_DEPRECATED_OBJC_IMPLEMENTATIONS = YES;
				CLANG_WARN_DIRECT_OBJC_ISA_USAGE = YES_ERROR;
				CLANG_WARN_DOCUMENTATION_COMMENTS = YES;
				CLANG_WARN_EMPTY_BODY = YES;
				CLANG_WARN_ENUM_CONVERSION = YES;
				CLANG_WARN_INFINITE_RECURSION = YES;
				CLANG_WARN_INT_CONVERSION = YES;
				CLANG_WARN_NON_LITERAL_NULL_CONVERSION = YES;
				CLANG_WARN_OBJC_IMPLICIT_RETAIN_SELF = YES;
				CLANG_WARN_OBJC_LITERAL_CONVERSION = YES;
				CLANG_WARN_OBJC_ROOT_CLASS = YES_ERROR;
				CLANG_WARN_QUOTED_INCLUDE_IN_FRAMEWORK_HEADER = YES;
				CLANG_WARN_RANGE_LOOP_ANALYSIS = YES;
				CLANG_WARN_STRICT_PROTOTYPES = YES;
				CLANG_WARN_SUSPICIOUS_MOVE = YES;
				CLANG_WARN_UNGUARDED_AVAILABILITY = YES_AGGRESSIVE;
				CLANG_WARN_UNREACHABLE_CODE = YES;
				CLANG_WARN__DUPLICATE_METHOD_MATCH = YES;
				COPY_PHASE_STRIP = NO;
				DEBUG_INFORMATION_FORMAT = dwarf;
				ENABLE_STRICT_OBJC_MSGSEND = YES;
				ENABLE_TESTABILITY = YES;
				GCC_C_LANGUAGE_STANDARD = gnu11;
				GCC_DYNAMIC_NO_PIC = NO;
				GCC_NO_COMMON_BLOCKS = YES;
				GCC_OPTIMIZATION_LEVEL = 0;
				GCC_PREPROCESSOR_DEFINITIONS = (
					"DEBUG=1",
					"$(inherited)",
				);
				GCC_WARN_64_TO_32_BIT_CONVERSION = YES;
				GCC_WARN_ABOUT_RETURN_TYPE = YES_ERROR;
				GCC_WARN_UNDECLARED_SELECTOR = YES;
				GCC_WARN_UNINITIALIZED_AUTOS = YES_AGGRESSIVE;
				GCC_WARN_UNUSED_FUNCTION = YES;
				GCC_WARN_UNUSED_VARIABLE = YES;
				IPHONEOS_DEPLOYMENT_TARGET = 16.4;
				MTL_ENABLE_DEBUG_INFO = INCLUDE_SOURCE;
				MTL_FAST_MATH = YES;
				ONLY_ACTIVE_ARCH = YES;
				SDKROOT = iphoneos;
				SWIFT_ACTIVE_COMPILATION_CONDITIONS = DEBUG;
				SWIFT_OPTIMIZATION_LEVEL = "-Onone";
			};
			name = Debug;
		};
		ACF8B6572A601FEE000EF850 /* Release */ = {
			isa = XCBuildConfiguration;
			buildSettings = {
				ALWAYS_SEARCH_USER_PATHS = NO;
				CLANG_ANALYZER_NONNULL = YES;
				CLANG_ANALYZER_NUMBER_OBJECT_CONVERSION = YES_AGGRESSIVE;
				CLANG_CXX_LANGUAGE_STANDARD = "gnu++20";
				CLANG_ENABLE_MODULES = YES;
				CLANG_ENABLE_OBJC_ARC = YES;
				CLANG_ENABLE_OBJC_WEAK = YES;
				CLANG_WARN_BLOCK_CAPTURE_AUTORELEASING = YES;
				CLANG_WARN_BOOL_CONVERSION = YES;
				CLANG_WARN_COMMA = YES;
				CLANG_WARN_CONSTANT_CONVERSION = YES;
				CLANG_WARN_DEPRECATED_OBJC_IMPLEMENTATIONS = YES;
				CLANG_WARN_DIRECT_OBJC_ISA_USAGE = YES_ERROR;
				CLANG_WARN_DOCUMENTATION_COMMENTS = YES;
				CLANG_WARN_EMPTY_BODY = YES;
				CLANG_WARN_ENUM_CONVERSION = YES;
				CLANG_WARN_INFINITE_RECURSION = YES;
				CLANG_WARN_INT_CONVERSION = YES;
				CLANG_WARN_NON_LITERAL_NULL_CONVERSION = YES;
				CLANG_WARN_OBJC_IMPLICIT_RETAIN_SELF = YES;
				CLANG_WARN_OBJC_LITERAL_CONVERSION = YES;
				CLANG_WARN_OBJC_ROOT_CLASS = YES_ERROR;
				CLANG_WARN_QUOTED_INCLUDE_IN_FRAMEWORK_HEADER = YES;
				CLANG_WARN_RANGE_LOOP_ANALYSIS = YES;
				CLANG_WARN_STRICT_PROTOTYPES = YES;
				CLANG_WARN_SUSPICIOUS_MOVE = YES;
				CLANG_WARN_UNGUARDED_AVAILABILITY = YES_AGGRESSIVE;
				CLANG_WARN_UNREACHABLE_CODE = YES;
				CLANG_WARN__DUPLICATE_METHOD_MATCH = YES;
				COPY_PHASE_STRIP = NO;
				DEBUG_INFORMATION_FORMAT = "dwarf-with-dsym";
				ENABLE_NS_ASSERTIONS = NO;
				ENABLE_STRICT_OBJC_MSGSEND = YES;
				GCC_C_LANGUAGE_STANDARD = gnu11;
				GCC_NO_COMMON_BLOCKS = YES;
				GCC_WARN_64_TO_32_BIT_CONVERSION = YES;
				GCC_WARN_ABOUT_RETURN_TYPE = YES_ERROR;
				GCC_WARN_UNDECLARED_SELECTOR = YES;
				GCC_WARN_UNINITIALIZED_AUTOS = YES_AGGRESSIVE;
				GCC_WARN_UNUSED_FUNCTION = YES;
				GCC_WARN_UNUSED_VARIABLE = YES;
				IPHONEOS_DEPLOYMENT_TARGET = 16.4;
				MTL_ENABLE_DEBUG_INFO = NO;
				MTL_FAST_MATH = YES;
				SDKROOT = iphoneos;
				SWIFT_COMPILATION_MODE = wholemodule;
				SWIFT_OPTIMIZATION_LEVEL = "-O";
				VALIDATE_PRODUCT = YES;
			};
			name = Release;
		};
		ACF8B6592A601FEE000EF850 /* Debug */ = {
			isa = XCBuildConfiguration;
			buildSettings = {
				ASSETCATALOG_COMPILER_APPICON_NAME = AppIcon;
				ASSETCATALOG_COMPILER_GLOBAL_ACCENT_COLOR_NAME = AccentColor;
				CODE_SIGN_STYLE = Automatic;
				CURRENT_PROJECT_VERSION = 1;
				DEVELOPMENT_ASSET_PATHS = "\"MC3-Project/Preview Content\"";
				ENABLE_PREVIEWS = YES;
				GENERATE_INFOPLIST_FILE = YES;
				INFOPLIST_KEY_UIApplicationSceneManifest_Generation = YES;
				INFOPLIST_KEY_UIApplicationSupportsIndirectInputEvents = YES;
				INFOPLIST_KEY_UILaunchScreen_Generation = YES;
				INFOPLIST_KEY_UISupportedInterfaceOrientations_iPad = "UIInterfaceOrientationPortrait UIInterfaceOrientationPortraitUpsideDown UIInterfaceOrientationLandscapeLeft UIInterfaceOrientationLandscapeRight";
				INFOPLIST_KEY_UISupportedInterfaceOrientations_iPhone = "UIInterfaceOrientationPortrait UIInterfaceOrientationLandscapeLeft UIInterfaceOrientationLandscapeRight";
				LD_RUNPATH_SEARCH_PATHS = (
					"$(inherited)",
					"@executable_path/Frameworks",
				);
				MARKETING_VERSION = 1.0;
				PRODUCT_BUNDLE_IDENTIFIER = "kiwi.MC3-Project";
				PRODUCT_NAME = "$(TARGET_NAME)";
				SWIFT_EMIT_LOC_STRINGS = YES;
				SWIFT_VERSION = 5.0;
				TARGETED_DEVICE_FAMILY = "1,2";
			};
			name = Debug;
		};
		ACF8B65A2A601FEE000EF850 /* Release */ = {
			isa = XCBuildConfiguration;
			buildSettings = {
				ASSETCATALOG_COMPILER_APPICON_NAME = AppIcon;
				ASSETCATALOG_COMPILER_GLOBAL_ACCENT_COLOR_NAME = AccentColor;
				CODE_SIGN_STYLE = Automatic;
				CURRENT_PROJECT_VERSION = 1;
				DEVELOPMENT_ASSET_PATHS = "\"MC3-Project/Preview Content\"";
				ENABLE_PREVIEWS = YES;
				GENERATE_INFOPLIST_FILE = YES;
				INFOPLIST_KEY_UIApplicationSceneManifest_Generation = YES;
				INFOPLIST_KEY_UIApplicationSupportsIndirectInputEvents = YES;
				INFOPLIST_KEY_UILaunchScreen_Generation = YES;
				INFOPLIST_KEY_UISupportedInterfaceOrientations_iPad = "UIInterfaceOrientationPortrait UIInterfaceOrientationPortraitUpsideDown UIInterfaceOrientationLandscapeLeft UIInterfaceOrientationLandscapeRight";
				INFOPLIST_KEY_UISupportedInterfaceOrientations_iPhone = "UIInterfaceOrientationPortrait UIInterfaceOrientationLandscapeLeft UIInterfaceOrientationLandscapeRight";
				LD_RUNPATH_SEARCH_PATHS = (
					"$(inherited)",
					"@executable_path/Frameworks",
				);
				MARKETING_VERSION = 1.0;
				PRODUCT_BUNDLE_IDENTIFIER = "kiwi.MC3-Project";
				PRODUCT_NAME = "$(TARGET_NAME)";
				SWIFT_EMIT_LOC_STRINGS = YES;
				SWIFT_VERSION = 5.0;
				TARGETED_DEVICE_FAMILY = "1,2";
			};
			name = Release;
		};
/* End XCBuildConfiguration section */

/* Begin XCConfigurationList section */
		ACF8B6452A601FED000EF850 /* Build configuration list for PBXProject "MC3-Project" */ = {
			isa = XCConfigurationList;
			buildConfigurations = (
				ACF8B6562A601FEE000EF850 /* Debug */,
				ACF8B6572A601FEE000EF850 /* Release */,
			);
			defaultConfigurationIsVisible = 0;
			defaultConfigurationName = Release;
		};
		ACF8B6582A601FEE000EF850 /* Build configuration list for PBXNativeTarget "MC3-Project" */ = {
			isa = XCConfigurationList;
			buildConfigurations = (
				ACF8B6592A601FEE000EF850 /* Debug */,
				ACF8B65A2A601FEE000EF850 /* Release */,
			);
			defaultConfigurationIsVisible = 0;
			defaultConfigurationName = Release;
		};
/* End XCConfigurationList section */

/* Begin XCRemoteSwiftPackageReference section */
		ACF8B65D2A60215F000EF850 /* XCRemoteSwiftPackageReference "firebase-ios-sdk" */ = {
			isa = XCRemoteSwiftPackageReference;
			repositoryURL = "https://github.com/firebase/firebase-ios-sdk";
			requirement = {
				kind = upToNextMajorVersion;
				minimumVersion = 10.0.0;
			};
		};
/* End XCRemoteSwiftPackageReference section */

/* Begin XCSwiftPackageProductDependency section */
		ACF8B65E2A60215F000EF850 /* FirebaseAuth */ = {
			isa = XCSwiftPackageProductDependency;
			package = ACF8B65D2A60215F000EF850 /* XCRemoteSwiftPackageReference "firebase-ios-sdk" */;
			productName = FirebaseAuth;
		};
		ACF8B6602A60215F000EF850 /* FirebaseFirestore */ = {
			isa = XCSwiftPackageProductDependency;
			package = ACF8B65D2A60215F000EF850 /* XCRemoteSwiftPackageReference "firebase-ios-sdk" */;
			productName = FirebaseFirestore;
		};
		ACF8B6632A602181000EF850 /* FirebaseAnalytics */ = {
			isa = XCSwiftPackageProductDependency;
			package = ACF8B65D2A60215F000EF850 /* XCRemoteSwiftPackageReference "firebase-ios-sdk" */;
			productName = FirebaseAnalytics;
		};
		ACF8B6652A60218A000EF850 /* FirebaseDatabase */ = {
			isa = XCSwiftPackageProductDependency;
			package = ACF8B65D2A60215F000EF850 /* XCRemoteSwiftPackageReference "firebase-ios-sdk" */;
			productName = FirebaseDatabase;
		};
/* End XCSwiftPackageProductDependency section */
	};
	rootObject = ACF8B6422A601FED000EF850 /* Project object */;
}
